
Microsoft Visual Studio Solution File, Format Version 12.00
# Visual Studio Version 17
VisualStudioVersion = 17.7.34221.43
MinimumVisualStudioVersion = 10.0.40219.1
Project("{9A19103F-16F7-4668-BE54-9A1E7A4F7556}") = "ChatBot", "ChatBot\ChatBot.csproj", "{A59B1622-5C76-4F99-BBDB-76AB2118D466}"
EndProject
Global
	GlobalSection(SolutionConfigurationPlatforms) = preSolution
		Debug|Any CPU = Debug|Any CPU
		Release|Any CPU = Release|Any CPU
	EndGlobalSection
	GlobalSection(ProjectConfigurationPlatforms) = postSolution
		{A59B1622-5C76-4F99-BBDB-76AB2118D466}.Debug|Any CPU.ActiveCfg = Debug|Any CPU
		{A59B1622-5C76-4F99-BBDB-76AB2118D466}.Debug|Any CPU.Build.0 = Debug|Any CPU
		{A59B1622-5C76-4F99-BBDB-76AB2118D466}.Release|Any CPU.ActiveCfg = Release|Any CPU
		{A59B1622-5C76-4F99-BBDB-76AB2118D466}.Release|Any CPU.Build.0 = Release|Any CPU
	EndGlobalSection
	GlobalSection(SolutionProperties) = preSolution
		HideSolutionNode = FALSE
	EndGlobalSection
	GlobalSection(ExtensibilityGlobals) = postSolution
		SolutionGuid = {7C9B102F-389F-48B1-A240-ACB8B0E5D557}
	EndGlobalSection
EndGlobal
